
Microsoft Visual Studio Solution File, Format Version 12.00
# Visual Studio Version 17
VisualStudioVersion = 17.5.33530.505
MinimumVisualStudioVersion = 10.0.40219.1
Project("{FAE04EC0-301F-11D3-BF4B-00C04F79EFBC}") = "app", "app\app.csproj", "{E54B6EAF-76A4-437D-8C2D-7CC303F1A610}"
EndProject
Project("{2150E333-8FDC-42A3-9474-1A3956D46DE8}") = "Paginas", "Paginas", "{1566B2CA-2FBF-45FD-B085-EF40FCF729D4}"
	ProjectSection(SolutionItems) = preProject
		app\CriarCartão.cs = app\CriarCartão.cs
		app\CriarCartão.Designer.cs = app\CriarCartão.Designer.cs
		app\CriarCartão.resx = app\CriarCartão.resx
		app\ListaCartoes.cs = app\ListaCartoes.cs
		app\ListaCartoes.Designer.cs = app\ListaCartoes.Designer.cs
	EndProjectSection
EndProject
Global
	GlobalSection(SolutionConfigurationPlatforms) = preSolution
		Debug|Any CPU = Debug|Any CPU
		Release|Any CPU = Release|Any CPU
	EndGlobalSection
	GlobalSection(ProjectConfigurationPlatforms) = postSolution
		{E54B6EAF-76A4-437D-8C2D-7CC303F1A610}.Debug|Any CPU.ActiveCfg = Debug|Any CPU
		{E54B6EAF-76A4-437D-8C2D-7CC303F1A610}.Debug|Any CPU.Build.0 = Debug|Any CPU
		{E54B6EAF-76A4-437D-8C2D-7CC303F1A610}.Release|Any CPU.ActiveCfg = Release|Any CPU
		{E54B6EAF-76A4-437D-8C2D-7CC303F1A610}.Release|Any CPU.Build.0 = Release|Any CPU
	EndGlobalSection
	GlobalSection(SolutionProperties) = preSolution
		HideSolutionNode = FALSE
	EndGlobalSection
	GlobalSection(ExtensibilityGlobals) = postSolution
		SolutionGuid = {C1658987-E554-427C-8CE2-63B1D50F1FD7}
	EndGlobalSection
EndGlobal
